
Microsoft Visual Studio Solution File, Format Version 12.00
# Visual Studio Version 16
VisualStudioVersion = 16.0.31321.278
MinimumVisualStudioVersion = 10.0.40219.1
Project("{FAE04EC0-301F-11D3-BF4B-00C04F79EFBC}") = "examen2", "examen2.csproj", "{DB3BCD1B-29D9-4657-9DCC-56C0937C4A58}"
EndProject
Global
	GlobalSection(SolutionConfigurationPlatforms) = preSolution
		Debug|Any CPU = Debug|Any CPU
		Release|Any CPU = Release|Any CPU
	EndGlobalSection
	GlobalSection(ProjectConfigurationPlatforms) = postSolution
		{DB3BCD1B-29D9-4657-9DCC-56C0937C4A58}.Debug|Any CPU.ActiveCfg = Debug|Any CPU
		{DB3BCD1B-29D9-4657-9DCC-56C0937C4A58}.Debug|Any CPU.Build.0 = Debug|Any CPU
		{DB3BCD1B-29D9-4657-9DCC-56C0937C4A58}.Release|Any CPU.ActiveCfg = Release|Any CPU
		{DB3BCD1B-29D9-4657-9DCC-56C0937C4A58}.Release|Any CPU.Build.0 = Release|Any CPU
	EndGlobalSection
	GlobalSection(SolutionProperties) = preSolution
		HideSolutionNode = FALSE
	EndGlobalSection
	GlobalSection(ExtensibilityGlobals) = postSolution
		SolutionGuid = {3ACE0625-392E-407B-87D7-64785E68F023}
	EndGlobalSection
EndGlobal
